
Microsoft Visual Studio Solution File, Format Version 12.00
# Visual Studio Version 17
VisualStudioVersion = 17.8.34316.72
MinimumVisualStudioVersion = 10.0.40219.1
Project("{9A19103F-16F7-4668-BE54-9A1E7A4F7556}") = "SeriLogProject", "SeriLog\SeriLogProject.csproj", "{657B9A9F-CF64-4413-9480-EF397511AC1C}"
EndProject
Global
	GlobalSection(SolutionConfigurationPlatforms) = preSolution
		Debug|Any CPU = Debug|Any CPU
		Release|Any CPU = Release|Any CPU
	EndGlobalSection
	GlobalSection(ProjectConfigurationPlatforms) = postSolution
		{657B9A9F-CF64-4413-9480-EF397511AC1C}.Debug|Any CPU.ActiveCfg = Debug|Any CPU
		{657B9A9F-CF64-4413-9480-EF397511AC1C}.Debug|Any CPU.Build.0 = Debug|Any CPU
		{657B9A9F-CF64-4413-9480-EF397511AC1C}.Release|Any CPU.ActiveCfg = Release|Any CPU
		{657B9A9F-CF64-4413-9480-EF397511AC1C}.Release|Any CPU.Build.0 = Release|Any CPU
	EndGlobalSection
	GlobalSection(SolutionProperties) = preSolution
		HideSolutionNode = FALSE
	EndGlobalSection
	GlobalSection(ExtensibilityGlobals) = postSolution
		SolutionGuid = {E0E69392-9D70-4151-A069-BC10830F4416}
	EndGlobalSection
EndGlobal
